--- 
dependencies: 
  hornairs-scrobbler: 
    group: 
    - :default
    version: ">= 0"
    require: 
    - scrobbler
  app: 
    group: 
    - :default
    version: ">= 0"
  rails: 
    group: 
    - :default
    version: = 3.0.0.beta
  simple_autocomplete: 
    group: 
    - :default
    version: ">= 0"
  sqlite3-ruby: 
    group: 
    - :default
    version: ">= 0"
    require: 
    - sqlite3
  escape: 
    group: 
    - :default
    version: ">= 0"
  ruby-mp3info: 
    group: 
    - :default
    version: ">= 0"
    require: 
    - mp3info
  rbrainz: 
    group: 
    - :default
    version: ">= 0"
  imdb: 
    group: 
    - :default
    version: ">= 0"
  paperclip: 
    group: 
    - :default
    version: ">= 0"
  will_paginate: 
    group: 
    - :default
    version: = 3.0.pre
specs: 
- text-hyphen: 
    version: 1.0.0
- builder: 
    version: 2.1.2
- hpricot: 
    version: 0.8.2
- i18n: 
    version: 0.3.5
- bundler: 
    version: 0.9.10
- arel: 
    version: 0.2.1
- will_paginate: 
    version: 3.0.pre
- activemodel: 
    version: 3.0.0.beta
- rbrainz: 
    version: 0.5.1
- abstract: 
    version: 1.0.0
- erubis: 
    version: 2.6.5
- ruby-mp3info: 
    version: 0.6.13
- mime-types: 
    version: "1.16"
- mail: 
    version: 2.1.3
- imdb: 
    version: 0.6.4
- escape: 
    version: 0.0.4
- thor: 
    version: 0.13.4
- memcache-client: 
    version: 1.7.8
- rack: 
    version: 1.1.0
- rack-test: 
    version: 0.5.3
- rack-mount: 
    version: 0.4.7
- actionpack: 
    version: 3.0.0.beta
- rake: 
    version: 0.8.7
- railties: 
    version: 3.0.0.beta
- sqlite3-ruby: 
    version: 1.2.5
- simple_autocomplete: 
    version: 0.3.0
- text-format: 
    version: 1.0.0
- actionmailer: 
    version: 3.0.0.beta
- activerecord: 
    version: 3.0.0.beta
- paperclip: 
    version: 2.3.1.1
    source: 0
- app: 
    version: 0.9.0
- libxml-ruby: 
    version: 1.1.3
- tzinfo: 
    version: 0.3.16
- activesupport: 
    version: 3.0.0.beta
- activeresource: 
    version: 3.0.0.beta
- rails: 
    version: 3.0.0.beta
- hornairs-scrobbler: 
    version: 0.2.3
hash: e088b1995039b3db0f798d374d045a0e9b38b5eb
sources: 
- Git: 
    uri: git://github.com/thoughtbot/paperclip.git
    branch: rails3
    git: git://github.com/thoughtbot/paperclip.git
    ref: fe428aed26959af088c01ed6803b86066ee00295
- Rubygems: 
    uri: http://gemcutter.org
